
Microsoft Visual Studio Solution File, Format Version 12.00
# Visual Studio 15
VisualStudioVersion = 15.0.27703.2047
MinimumVisualStudioVersion = 10.0.40219.1
Project("{FAE04EC0-301F-11D3-BF4B-00C04F79EFBC}") = "MarkovText", "MarkovText\MarkovText.csproj", "{23780C42-8E55-4C0C-9CF3-34A11B6DC187}"
EndProject
Project("{2150E333-8FDC-42A3-9474-1A3956D46DE8}") = "Solution Items", "Solution Items", "{09432878-EE0B-4E12-8E26-8135175AB6C3}"
	ProjectSection(SolutionItems) = preProject
		README.md = README.md
		words_alpha.txt = words_alpha.txt
	EndProjectSection
EndProject
Global
	GlobalSection(SolutionConfigurationPlatforms) = preSolution
		Debug|Any CPU = Debug|Any CPU
		Release|Any CPU = Release|Any CPU
	EndGlobalSection
	GlobalSection(ProjectConfigurationPlatforms) = postSolution
		{23780C42-8E55-4C0C-9CF3-34A11B6DC187}.Debug|Any CPU.ActiveCfg = Debug|Any CPU
		{23780C42-8E55-4C0C-9CF3-34A11B6DC187}.Debug|Any CPU.Build.0 = Debug|Any CPU
		{23780C42-8E55-4C0C-9CF3-34A11B6DC187}.Release|Any CPU.ActiveCfg = Release|Any CPU
		{23780C42-8E55-4C0C-9CF3-34A11B6DC187}.Release|Any CPU.Build.0 = Release|Any CPU
	EndGlobalSection
	GlobalSection(SolutionProperties) = preSolution
		HideSolutionNode = FALSE
	EndGlobalSection
	GlobalSection(ExtensibilityGlobals) = postSolution
		SolutionGuid = {2F76BD2F-D6DD-4CC2-940F-4C385838E4E1}
	EndGlobalSection
EndGlobal
